
Microsoft Visual Studio Solution File, Format Version 12.00
# Visual Studio Version 16
VisualStudioVersion = 16.0.29519.87
MinimumVisualStudioVersion = 10.0.40219.1
Project("{FAE04EC0-301F-11D3-BF4B-00C04F79EFBC}") = "ScanMonitorApp", "ScanMonitorApp\ScanMonitorApp.csproj", "{7170329C-6EC2-4E2D-A8B3-C7CBD85FEFFB}"
EndProject
Global
	GlobalSection(SolutionConfigurationPlatforms) = preSolution
		Debug|Any CPU = Debug|Any CPU
		Release|Any CPU = Release|Any CPU
	EndGlobalSection
	GlobalSection(ProjectConfigurationPlatforms) = postSolution
		{7170329C-6EC2-4E2D-A8B3-C7CBD85FEFFB}.Debug|Any CPU.ActiveCfg = Debug|Any CPU
		{7170329C-6EC2-4E2D-A8B3-C7CBD85FEFFB}.Debug|Any CPU.Build.0 = Debug|Any CPU
		{7170329C-6EC2-4E2D-A8B3-C7CBD85FEFFB}.Release|Any CPU.ActiveCfg = Release|Any CPU
		{7170329C-6EC2-4E2D-A8B3-C7CBD85FEFFB}.Release|Any CPU.Build.0 = Release|Any CPU
	EndGlobalSection
	GlobalSection(SolutionProperties) = preSolution
		HideSolutionNode = FALSE
	EndGlobalSection
	GlobalSection(ExtensibilityGlobals) = postSolution
		SolutionGuid = {7CFFCF66-0663-4C72-AA57-ECA2FD7B3CC0}
	EndGlobalSection
EndGlobal
